
Microsoft Visual Studio Solution File, Format Version 12.00
# Visual Studio Version 17
VisualStudioVersion = 17.3.32929.385
MinimumVisualStudioVersion = 10.0.40219.1
Project("{FAE04EC0-301F-11D3-BF4B-00C04F79EFBC}") = "mini1projet2", "mini1projet2\mini1projet2.csproj", "{3A1FC639-00AD-47D9-BA24-A7D18D4C6BBC}"
EndProject
Global
	GlobalSection(SolutionConfigurationPlatforms) = preSolution
		Debug|Any CPU = Debug|Any CPU
		Release|Any CPU = Release|Any CPU
	EndGlobalSection
	GlobalSection(ProjectConfigurationPlatforms) = postSolution
		{3A1FC639-00AD-47D9-BA24-A7D18D4C6BBC}.Debug|Any CPU.ActiveCfg = Debug|Any CPU
		{3A1FC639-00AD-47D9-BA24-A7D18D4C6BBC}.Debug|Any CPU.Build.0 = Debug|Any CPU
		{3A1FC639-00AD-47D9-BA24-A7D18D4C6BBC}.Release|Any CPU.ActiveCfg = Release|Any CPU
		{3A1FC639-00AD-47D9-BA24-A7D18D4C6BBC}.Release|Any CPU.Build.0 = Release|Any CPU
	EndGlobalSection
	GlobalSection(SolutionProperties) = preSolution
		HideSolutionNode = FALSE
	EndGlobalSection
	GlobalSection(ExtensibilityGlobals) = postSolution
		SolutionGuid = {90AAFCBF-C5E0-4589-A43E-5CF962A1B829}
	EndGlobalSection
EndGlobal
